
Microsoft Visual Studio Solution File, Format Version 12.00
# Visual Studio 15
VisualStudioVersion = 15.0.28307.572
MinimumVisualStudioVersion = 10.0.40219.1
Project("{FAE04EC0-301F-11D3-BF4B-00C04F79EFBC}") = "CoreBB", "CoreBB\CoreBB.csproj", "{FABB758D-779C-40E6-BE31-3659C6EE83DC}"
EndProject
Global
	GlobalSection(SolutionConfigurationPlatforms) = preSolution
		Debug|Any CPU = Debug|Any CPU
		Release|Any CPU = Release|Any CPU
	EndGlobalSection
	GlobalSection(ProjectConfigurationPlatforms) = postSolution
		{FABB758D-779C-40E6-BE31-3659C6EE83DC}.Debug|Any CPU.ActiveCfg = Debug|Any CPU
		{FABB758D-779C-40E6-BE31-3659C6EE83DC}.Debug|Any CPU.Build.0 = Debug|Any CPU
		{FABB758D-779C-40E6-BE31-3659C6EE83DC}.Release|Any CPU.ActiveCfg = Release|Any CPU
		{FABB758D-779C-40E6-BE31-3659C6EE83DC}.Release|Any CPU.Build.0 = Release|Any CPU
	EndGlobalSection
	GlobalSection(SolutionProperties) = preSolution
		HideSolutionNode = FALSE
	EndGlobalSection
	GlobalSection(ExtensibilityGlobals) = postSolution
		SolutionGuid = {63957D28-D72B-4AFD-A519-E2F0EFE037CF}
	EndGlobalSection
EndGlobal
